{
    "_readme": [
        "This file locks the dependencies of your project to a known state",
        "Read more about it at https://getcomposer.org/doc/01-basic-usage.md#installing-dependencies",
        "This file is @generated automatically"
    ],
    "content-hash": "79e5db5ef5c1a222d1444e8f325feb39",
    "packages": [
        {
            "name": "monolog/monolog",
            "version": "2.1.0",
            "source": {
                "type": "git",
                "url": "https://github.com/Seldaek/monolog.git",
                "reference": "38914429aac460e8e4616c8cb486ecb40ec90bb1"
            },
            "dist": {
                "type": "zip",
                "url": "https://api.github.com/repos/Seldaek/monolog/zipball/38914429aac460e8e4616c8cb486ecb40ec90bb1",
                "reference": "38914429aac460e8e4616c8cb486ecb40ec90bb1",
                "shasum": ""
            },
            "require": {
                "php": ">=7.2",
                "psr/log": "^1.0.1"
            },
            "provide": {
                "psr/log-implementation": "1.0.0"
            },
            "require-dev": {
                "aws/aws-sdk-php": "^2.4.9 || ^3.0",
                "doctrine/couchdb": "~1.0@dev",
                "elasticsearch/elasticsearch": "^6.0",
                "graylog2/gelf-php": "^1.4.2",
                "php-amqplib/php-amqplib": "~2.4",
                "php-console/php-console": "^3.1.3",
                "php-parallel-lint/php-parallel-lint": "^1.0",
                "phpspec/prophecy": "^1.6.1",
                "phpunit/phpunit": "^8.5",
                "predis/predis": "^1.1",
                "rollbar/rollbar": "^1.3",
                "ruflin/elastica": ">=0.90 <3.0",
                "swiftmailer/swiftmailer": "^5.3|^6.0"
            },
            "suggest": {
                "aws/aws-sdk-php": "Allow sending log messages to AWS services like DynamoDB",
                "doctrine/couchdb": "Allow sending log messages to a CouchDB server",
                "elasticsearch/elasticsearch": "Allow sending log messages to an Elasticsearch server via official client",
                "ext-amqp": "Allow sending log messages to an AMQP server (1.0+ required)",
                "ext-mbstring": "Allow to work properly with unicode symbols",
                "ext-mongodb": "Allow sending log messages to a MongoDB server (via driver)",
                "graylog2/gelf-php": "Allow sending log messages to a GrayLog2 server",
                "mongodb/mongodb": "Allow sending log messages to a MongoDB server (via library)",
                "php-amqplib/php-amqplib": "Allow sending log messages to an AMQP server using php-amqplib",
                "php-console/php-console": "Allow sending log messages to Google Chrome",
                "rollbar/rollbar": "Allow sending log messages to Rollbar",
                "ruflin/elastica": "Allow sending log messages to an Elastic Search server"
            },
            "type": "library",
            "extra": {
                "branch-alias": {
                    "dev-master": "2.x-dev"
                }
            },
            "autoload": {
                "psr-4": {
                    "Monolog\\": "src/Monolog"
                }
            },
            "notification-url": "https://packagist.org/downloads/",
            "license": [
                "MIT"
            ],
            "authors": [
                {
                    "name": "Jordi Boggiano",
                    "email": "j.boggiano@seld.be",
                    "homepage": "http://seld.be"
                }
            ],
            "description": "Sends your logs to files, sockets, inboxes, databases and various web services",
            "homepage": "http://github.com/Seldaek/monolog",
            "keywords": [
                "log",
                "logging",
                "psr-3"
            ],
            "funding": [
                {
                    "url": "https://github.com/Seldaek",
                    "type": "github"
                },
                {
                    "url": "https://tidelift.com/funding/github/packagist/monolog/monolog",
                    "type": "tidelift"
                }
            ],
            "time": "2020-05-22T08:12:19+00:00"
        },
        {
            "name": "psr/log",
            "version": "1.1.3",
            "source": {
                "type": "git",
                "url": "https://github.com/php-fig/log.git",
                "reference": "0f73288fd15629204f9d42b7055f72dacbe811fc"
            },
            "dist": {
                "type": "zip",
                "url": "https://api.github.com/repos/php-fig/log/zipball/0f73288fd15629204f9d42b7055f72dacbe811fc",
                "reference": "0f73288fd15629204f9d42b7055f72dacbe811fc",
                "shasum": ""
            },
            "require": {
                "php": ">=5.3.0"
            },
            "type": "library",
            "extra": {
                "branch-alias": {
                    "dev-master": "1.1.x-dev"
                }
            },
            "autoload": {
                "psr-4": {
                    "Psr\\Log\\": "Psr/Log/"
                }
            },
            "notification-url": "https://packagist.org/downloads/",
            "license": [
                "MIT"
            ],
            "authors": [
                {
                    "name": "PHP-FIG",
                    "homepage": "http://www.php-fig.org/"
                }
            ],
            "description": "Common interface for logging libraries",
            "homepage": "https://github.com/php-fig/log",
            "keywords": [
                "log",
                "psr",
                "psr-3"
            ],
            "time": "2020-03-23T09:12:05+00:00"
        },
        {
            "name": "sabre/uri",
            "version": "2.2.0",
            "source": {
                "type": "git",
                "url": "https://github.com/sabre-io/uri.git",
                "reference": "059d11012603be2e32ddb7543602965563ddbb09"
            },
            "dist": {
                "type": "zip",
                "url": "https://api.github.com/repos/sabre-io/uri/zipball/059d11012603be2e32ddb7543602965563ddbb09",
                "reference": "059d11012603be2e32ddb7543602965563ddbb09",
                "shasum": ""
            },
            "require": {
                "php": "^7.1"
            },
            "require-dev": {
                "friendsofphp/php-cs-fixer": "~2.16.1",
                "phpunit/phpunit": "^7 || ^8"
            },
            "type": "library",
            "autoload": {
                "files": [
                    "lib/functions.php"
                ],
                "psr-4": {
                    "Sabre\\Uri\\": "lib/"
                }
            },
            "notification-url": "https://packagist.org/downloads/",
            "license": [
                "BSD-3-Clause"
            ],
            "authors": [
                {
                    "name": "Evert Pot",
                    "email": "me@evertpot.com",
                    "homepage": "http://evertpot.com/",
                    "role": "Developer"
                }
            ],
            "description": "Functions for making sense out of URIs.",
            "homepage": "http://sabre.io/uri/",
            "keywords": [
                "rfc3986",
                "uri",
                "url"
            ],
            "time": "2020-01-31T18:53:43+00:00"
        },
        {
            "name": "sabre/vobject",
            "version": "4.3.0",
            "source": {
                "type": "git",
                "url": "https://github.com/sabre-io/vobject.git",
                "reference": "5b2248d965160f93053f3a24704794a13a22a1bb"
            },
            "dist": {
                "type": "zip",
                "url": "https://api.github.com/repos/sabre-io/vobject/zipball/5b2248d965160f93053f3a24704794a13a22a1bb",
                "reference": "5b2248d965160f93053f3a24704794a13a22a1bb",
                "shasum": ""
            },
            "require": {
                "ext-mbstring": "*",
                "php": "^7.1",
                "sabre/xml": "^2.1"
            },
            "require-dev": {
                "friendsofphp/php-cs-fixer": "~2.16.1",
                "phpunit/phpunit": "^7 || ^8"
            },
            "suggest": {
                "hoa/bench": "If you would like to run the benchmark scripts"
            },
            "bin": [
                "bin/vobject",
                "bin/generate_vcards"
            ],
            "type": "library",
            "extra": {
                "branch-alias": {
                    "dev-master": "4.0.x-dev"
                }
            },
            "autoload": {
                "psr-4": {
                    "Sabre\\VObject\\": "lib/"
                }
            },
            "notification-url": "https://packagist.org/downloads/",
            "license": [
                "BSD-3-Clause"
            ],
            "authors": [
                {
                    "name": "Evert Pot",
                    "email": "me@evertpot.com",
                    "homepage": "http://evertpot.com/",
                    "role": "Developer"
                },
                {
                    "name": "Dominik Tobschall",
                    "email": "dominik@fruux.com",
                    "homepage": "http://tobschall.de/",
                    "role": "Developer"
                },
                {
                    "name": "Ivan Enderlin",
                    "email": "ivan.enderlin@hoa-project.net",
                    "homepage": "http://mnt.io/",
                    "role": "Developer"
                }
            ],
            "description": "The VObject library for PHP allows you to easily parse and manipulate iCalendar and vCard objects",
            "homepage": "http://sabre.io/vobject/",
            "keywords": [
                "availability",
                "freebusy",
                "iCalendar",
                "ical",
                "ics",
                "jCal",
                "jCard",
                "recurrence",
                "rfc2425",
                "rfc2426",
                "rfc2739",
                "rfc4770",
                "rfc5545",
                "rfc5546",
                "rfc6321",
                "rfc6350",
                "rfc6351",
                "rfc6474",
                "rfc6638",
                "rfc6715",
                "rfc6868",
                "vCalendar",
                "vCard",
                "vcf",
                "xCal",
                "xCard"
            ],
            "time": "2020-01-31T18:50:58+00:00"
        },
        {
            "name": "sabre/xml",
            "version": "2.2.1",
            "source": {
                "type": "git",
                "url": "https://github.com/sabre-io/xml.git",
                "reference": "41c6ba148966b10cafd31d1a4e5feb1e2138d95c"
            },
            "dist": {
                "type": "zip",
                "url": "https://api.github.com/repos/sabre-io/xml/zipball/41c6ba148966b10cafd31d1a4e5feb1e2138d95c",
                "reference": "41c6ba148966b10cafd31d1a4e5feb1e2138d95c",
                "shasum": ""
            },
            "require": {
                "ext-dom": "*",
                "ext-xmlreader": "*",
                "ext-xmlwriter": "*",
                "lib-libxml": ">=2.6.20",
                "php": "^7.1",
                "sabre/uri": ">=1.0,<3.0.0"
            },
            "require-dev": {
                "friendsofphp/php-cs-fixer": "~2.16.1",
                "phpstan/phpstan": "^0.12",
                "phpunit/phpunit": "^7.5 || ^8.5 || ^9.0"
            },
            "type": "library",
            "autoload": {
                "psr-4": {
                    "Sabre\\Xml\\": "lib/"
                },
                "files": [
                    "lib/Deserializer/functions.php",
                    "lib/Serializer/functions.php"
                ]
            },
            "notification-url": "https://packagist.org/downloads/",
            "license": [
                "BSD-3-Clause"
            ],
            "authors": [
                {
                    "name": "Evert Pot",
                    "email": "me@evertpot.com",
                    "homepage": "http://evertpot.com/",
                    "role": "Developer"
                },
                {
                    "name": "Markus Staab",
                    "email": "markus.staab@redaxo.de",
                    "role": "Developer"
                }
            ],
            "description": "sabre/xml is an XML library that you may not hate.",
            "homepage": "https://sabre.io/xml/",
            "keywords": [
                "XMLReader",
                "XMLWriter",
                "dom",
                "xml"
            ],
            "time": "2020-05-11T09:44:55+00:00"
        }
    ],
    "packages-dev": [],
    "aliases": [],
    "minimum-stability": "stable",
    "stability-flags": [],
    "prefer-stable": false,
    "prefer-lowest": false,
    "platform": {
        "php": ">=7.2"
    },
    "platform-dev": [],
    "plugin-api-version": "1.1.0"
}
